
Microsoft Visual Studio Solution File, Format Version 12.00
# Visual Studio Version 16
VisualStudioVersion = 16.0.30517.126
MinimumVisualStudioVersion = 10.0.40219.1
Project("{FAE04EC0-301F-11D3-BF4B-00C04F79EFBC}") = "Kill The Dang Thing", "Kill The Dang Thing\Kill The Dang Thing.csproj", "{12ECE431-FF8F-490C-B7D2-7A1AF74E019B}"
EndProject
Global
	GlobalSection(SolutionConfigurationPlatforms) = preSolution
		Debug|Any CPU = Debug|Any CPU
		Release|Any CPU = Release|Any CPU
	EndGlobalSection
	GlobalSection(ProjectConfigurationPlatforms) = postSolution
		{12ECE431-FF8F-490C-B7D2-7A1AF74E019B}.Debug|Any CPU.ActiveCfg = Debug|Any CPU
		{12ECE431-FF8F-490C-B7D2-7A1AF74E019B}.Debug|Any CPU.Build.0 = Debug|Any CPU
		{12ECE431-FF8F-490C-B7D2-7A1AF74E019B}.Release|Any CPU.ActiveCfg = Release|Any CPU
		{12ECE431-FF8F-490C-B7D2-7A1AF74E019B}.Release|Any CPU.Build.0 = Release|Any CPU
	EndGlobalSection
	GlobalSection(SolutionProperties) = preSolution
		HideSolutionNode = FALSE
	EndGlobalSection
	GlobalSection(ExtensibilityGlobals) = postSolution
		SolutionGuid = {010C2D2E-4FA2-48EF-A141-E50587F3B94B}
	EndGlobalSection
EndGlobal
